
Microsoft Visual Studio Solution File, Format Version 12.00
# Visual Studio Version 17
VisualStudioVersion = 17.3.32929.385
MinimumVisualStudioVersion = 10.0.40219.1
Project("{FAE04EC0-301F-11D3-BF4B-00C04F79EFBC}") = "CsharpFunctionalProblem", "CsharpFunctionalProblem.csproj", "{642783FC-5DAB-4713-BA6A-51654FD7D251}"
EndProject
Global
	GlobalSection(SolutionConfigurationPlatforms) = preSolution
		Debug|Any CPU = Debug|Any CPU
		Release|Any CPU = Release|Any CPU
	EndGlobalSection
	GlobalSection(ProjectConfigurationPlatforms) = postSolution
		{642783FC-5DAB-4713-BA6A-51654FD7D251}.Debug|Any CPU.ActiveCfg = Debug|Any CPU
		{642783FC-5DAB-4713-BA6A-51654FD7D251}.Debug|Any CPU.Build.0 = Debug|Any CPU
		{642783FC-5DAB-4713-BA6A-51654FD7D251}.Release|Any CPU.ActiveCfg = Release|Any CPU
		{642783FC-5DAB-4713-BA6A-51654FD7D251}.Release|Any CPU.Build.0 = Release|Any CPU
	EndGlobalSection
	GlobalSection(SolutionProperties) = preSolution
		HideSolutionNode = FALSE
	EndGlobalSection
	GlobalSection(ExtensibilityGlobals) = postSolution
		SolutionGuid = {04BEA62B-A976-404C-A11D-770CB5EF7738}
	EndGlobalSection
EndGlobal
